
Microsoft Visual Studio Solution File, Format Version 12.00
# Visual Studio Version 17
VisualStudioVersion = 17.14.37111.16 d17.14
MinimumVisualStudioVersion = 10.0.40219.1
Project("{FAE04EC0-301F-11D3-BF4B-00C04F79EFBC}") = "Assignment 1", "Assignment 1\Assignment 1.csproj", "{1EA0F6AA-68A3-4820-BDEA-E289C861E5BB}"
EndProject
Global
	GlobalSection(SolutionConfigurationPlatforms) = preSolution
		Debug|Any CPU = Debug|Any CPU
		Release|Any CPU = Release|Any CPU
	EndGlobalSection
	GlobalSection(ProjectConfigurationPlatforms) = postSolution
		{1EA0F6AA-68A3-4820-BDEA-E289C861E5BB}.Debug|Any CPU.ActiveCfg = Debug|Any CPU
		{1EA0F6AA-68A3-4820-BDEA-E289C861E5BB}.Debug|Any CPU.Build.0 = Debug|Any CPU
		{1EA0F6AA-68A3-4820-BDEA-E289C861E5BB}.Release|Any CPU.ActiveCfg = Release|Any CPU
		{1EA0F6AA-68A3-4820-BDEA-E289C861E5BB}.Release|Any CPU.Build.0 = Release|Any CPU
	EndGlobalSection
	GlobalSection(SolutionProperties) = preSolution
		HideSolutionNode = FALSE
	EndGlobalSection
	GlobalSection(ExtensibilityGlobals) = postSolution
		SolutionGuid = {A002B18F-4479-4BFB-A0AD-7CA35242F4A8}
	EndGlobalSection
EndGlobal
