
Microsoft Visual Studio Solution File, Format Version 12.00
# Visual Studio Version 17
VisualStudioVersion = 17.14.37111.16 d17.14
MinimumVisualStudioVersion = 10.0.40219.1
Project("{FAE04EC0-301F-11D3-BF4B-00C04F79EFBC}") = "Code Challenge 3", "Code Challenge 3\Code Challenge 3.csproj", "{9296FB58-4CA4-49BF-9DED-7155E5E1F045}"
EndProject
Global
	GlobalSection(SolutionConfigurationPlatforms) = preSolution
		Debug|Any CPU = Debug|Any CPU
		Release|Any CPU = Release|Any CPU
	EndGlobalSection
	GlobalSection(ProjectConfigurationPlatforms) = postSolution
		{9296FB58-4CA4-49BF-9DED-7155E5E1F045}.Debug|Any CPU.ActiveCfg = Debug|Any CPU
		{9296FB58-4CA4-49BF-9DED-7155E5E1F045}.Debug|Any CPU.Build.0 = Debug|Any CPU
		{9296FB58-4CA4-49BF-9DED-7155E5E1F045}.Release|Any CPU.ActiveCfg = Release|Any CPU
		{9296FB58-4CA4-49BF-9DED-7155E5E1F045}.Release|Any CPU.Build.0 = Release|Any CPU
	EndGlobalSection
	GlobalSection(SolutionProperties) = preSolution
		HideSolutionNode = FALSE
	EndGlobalSection
	GlobalSection(ExtensibilityGlobals) = postSolution
		SolutionGuid = {7D997B65-5852-40AF-A748-65956DA450D2}
	EndGlobalSection
EndGlobal
