
Microsoft Visual Studio Solution File, Format Version 12.00
# Visual Studio Version 17
VisualStudioVersion = 17.14.37111.16 d17.14
MinimumVisualStudioVersion = 10.0.40219.1
Project("{FAE04EC0-301F-11D3-BF4B-00C04F79EFBC}") = "Assignment", "Assignment\Assignment.csproj", "{9FFEADFF-DBA5-4AA2-B4ED-02EBCB641D8F}"
EndProject
Global
	GlobalSection(SolutionConfigurationPlatforms) = preSolution
		Debug|Any CPU = Debug|Any CPU
		Release|Any CPU = Release|Any CPU
	EndGlobalSection
	GlobalSection(ProjectConfigurationPlatforms) = postSolution
		{9FFEADFF-DBA5-4AA2-B4ED-02EBCB641D8F}.Debug|Any CPU.ActiveCfg = Debug|Any CPU
		{9FFEADFF-DBA5-4AA2-B4ED-02EBCB641D8F}.Debug|Any CPU.Build.0 = Debug|Any CPU
		{9FFEADFF-DBA5-4AA2-B4ED-02EBCB641D8F}.Release|Any CPU.ActiveCfg = Release|Any CPU
		{9FFEADFF-DBA5-4AA2-B4ED-02EBCB641D8F}.Release|Any CPU.Build.0 = Release|Any CPU
	EndGlobalSection
	GlobalSection(SolutionProperties) = preSolution
		HideSolutionNode = FALSE
	EndGlobalSection
	GlobalSection(ExtensibilityGlobals) = postSolution
		SolutionGuid = {DF34E036-682C-4687-87D2-5C9B63AE3387}
	EndGlobalSection
EndGlobal
